// !$*UTF8*$!
{
	archiveVersion = 1;
	classes = {
	};
	objectVersion = 46;
	objects = {

/* Begin PBXAggregateTarget section */
		"Epic::EpicPackageTests::ProductTarget" /* EpicPackageTests */ = {
			isa = PBXAggregateTarget;
			buildConfigurationList = OBJ_65 /* Build configuration list for PBXAggregateTarget "EpicPackageTests" */;
			buildPhases = (
			);
			dependencies = (
				OBJ_68 /* PBXTargetDependency */,
			);
			name = EpicPackageTests;
			productName = EpicPackageTests;
		};
/* End PBXAggregateTarget section */

/* Begin PBXBuildFile section */
		OBJ_48 /* Generator.swift in Sources */ = {isa = PBXBuildFile; fileRef = OBJ_12 /* Generator.swift */; };
		OBJ_49 /* Broker.swift in Sources */ = {isa = PBXBuildFile; fileRef = OBJ_14 /* Broker.swift */; };
		OBJ_50 /* MessageBus.swift in Sources */ = {isa = PBXBuildFile; fileRef = OBJ_15 /* MessageBus.swift */; };
		OBJ_51 /* Topic.swift in Sources */ = {isa = PBXBuildFile; fileRef = OBJ_16 /* Topic.swift */; };
		OBJ_52 /* GeneratorProtocol.swift in Sources */ = {isa = PBXBuildFile; fileRef = OBJ_18 /* GeneratorProtocol.swift */; };
		OBJ_53 /* ThrottleProtocol.swift in Sources */ = {isa = PBXBuildFile; fileRef = OBJ_19 /* ThrottleProtocol.swift */; };
		OBJ_54 /* Shared.swift in Sources */ = {isa = PBXBuildFile; fileRef = OBJ_20 /* Shared.swift */; };
		OBJ_55 /* Throttle.swift in Sources */ = {isa = PBXBuildFile; fileRef = OBJ_21 /* Throttle.swift */; };
		OBJ_56 /* SequenceExtensions.swift in Sources */ = {isa = PBXBuildFile; fileRef = OBJ_23 /* SequenceExtensions.swift */; };
		OBJ_63 /* Package.swift in Sources */ = {isa = PBXBuildFile; fileRef = OBJ_6 /* Package.swift */; };
		OBJ_74 /* GeneratorTests.swift in Sources */ = {isa = PBXBuildFile; fileRef = OBJ_27 /* GeneratorTests.swift */; };
		OBJ_75 /* BrokerTests.swift in Sources */ = {isa = PBXBuildFile; fileRef = OBJ_29 /* BrokerTests.swift */; };
		OBJ_76 /* IntegrationTests.swift in Sources */ = {isa = PBXBuildFile; fileRef = OBJ_30 /* IntegrationTests.swift */; };
		OBJ_77 /* MessageBusTests.swift in Sources */ = {isa = PBXBuildFile; fileRef = OBJ_31 /* MessageBusTests.swift */; };
		OBJ_78 /* TopicTests.swift in Sources */ = {isa = PBXBuildFile; fileRef = OBJ_32 /* TopicTests.swift */; };
		OBJ_79 /* SequenceExtensionsTests.swift in Sources */ = {isa = PBXBuildFile; fileRef = OBJ_33 /* SequenceExtensionsTests.swift */; };
		OBJ_80 /* ThrottleTests.swift in Sources */ = {isa = PBXBuildFile; fileRef = OBJ_34 /* ThrottleTests.swift */; };
		OBJ_82 /* Epic.framework in Frameworks */ = {isa = PBXBuildFile; fileRef = "Epic::Epic::Product" /* Epic.framework */; };
/* End PBXBuildFile section */

/* Begin PBXContainerItemProxy section */
		1CA8AC6A25B89D4100CC868F /* PBXContainerItemProxy */ = {
			isa = PBXContainerItemProxy;
			containerPortal = OBJ_1 /* Project object */;
			proxyType = 1;
			remoteGlobalIDString = "Epic::Epic";
			remoteInfo = Epic;
		};
		1CA8AC6D25B89D4100CC868F /* PBXContainerItemProxy */ = {
			isa = PBXContainerItemProxy;
			containerPortal = OBJ_1 /* Project object */;
			proxyType = 1;
			remoteGlobalIDString = "Epic::EpicTests";
			remoteInfo = EpicTests;
		};
/* End PBXContainerItemProxy section */

/* Begin PBXFileReference section */
		"Epic::Epic::Product" /* Epic.framework */ = {isa = PBXFileReference; explicitFileType = wrapper.framework; path = Epic.framework; sourceTree = BUILT_PRODUCTS_DIR; };
		"Epic::EpicTests::Product" /* EpicTests.xctest */ = {isa = PBXFileReference; explicitFileType = wrapper.cfbundle; path = EpicTests.xctest; sourceTree = BUILT_PRODUCTS_DIR; };
		OBJ_10 /* Epic.h */ = {isa = PBXFileReference; lastKnownFileType = sourcecode.c.h; path = Epic.h; sourceTree = "<group>"; };
		OBJ_12 /* Generator.swift */ = {isa = PBXFileReference; lastKnownFileType = sourcecode.swift; path = Generator.swift; sourceTree = "<group>"; };
		OBJ_14 /* Broker.swift */ = {isa = PBXFileReference; lastKnownFileType = sourcecode.swift; path = Broker.swift; sourceTree = "<group>"; };
		OBJ_15 /* MessageBus.swift */ = {isa = PBXFileReference; lastKnownFileType = sourcecode.swift; path = MessageBus.swift; sourceTree = "<group>"; };
		OBJ_16 /* Topic.swift */ = {isa = PBXFileReference; lastKnownFileType = sourcecode.swift; path = Topic.swift; sourceTree = "<group>"; };
		OBJ_18 /* GeneratorProtocol.swift */ = {isa = PBXFileReference; lastKnownFileType = sourcecode.swift; path = GeneratorProtocol.swift; sourceTree = "<group>"; };
		OBJ_19 /* ThrottleProtocol.swift */ = {isa = PBXFileReference; lastKnownFileType = sourcecode.swift; path = ThrottleProtocol.swift; sourceTree = "<group>"; };
		OBJ_20 /* Shared.swift */ = {isa = PBXFileReference; lastKnownFileType = sourcecode.swift; path = Shared.swift; sourceTree = "<group>"; };
		OBJ_21 /* Throttle.swift */ = {isa = PBXFileReference; lastKnownFileType = sourcecode.swift; path = Throttle.swift; sourceTree = "<group>"; };
		OBJ_23 /* SequenceExtensions.swift */ = {isa = PBXFileReference; lastKnownFileType = sourcecode.swift; path = SequenceExtensions.swift; sourceTree = "<group>"; };
		OBJ_26 /* Info.plist */ = {isa = PBXFileReference; lastKnownFileType = text.plist.xml; path = Info.plist; sourceTree = "<group>"; };
		OBJ_27 /* GeneratorTests.swift */ = {isa = PBXFileReference; lastKnownFileType = sourcecode.swift; path = GeneratorTests.swift; sourceTree = "<group>"; };
		OBJ_29 /* BrokerTests.swift */ = {isa = PBXFileReference; lastKnownFileType = sourcecode.swift; path = BrokerTests.swift; sourceTree = "<group>"; };
		OBJ_30 /* IntegrationTests.swift */ = {isa = PBXFileReference; lastKnownFileType = sourcecode.swift; path = IntegrationTests.swift; sourceTree = "<group>"; };
		OBJ_31 /* MessageBusTests.swift */ = {isa = PBXFileReference; lastKnownFileType = sourcecode.swift; path = MessageBusTests.swift; sourceTree = "<group>"; };
		OBJ_32 /* TopicTests.swift */ = {isa = PBXFileReference; lastKnownFileType = sourcecode.swift; path = TopicTests.swift; sourceTree = "<group>"; };
		OBJ_33 /* SequenceExtensionsTests.swift */ = {isa = PBXFileReference; lastKnownFileType = sourcecode.swift; path = SequenceExtensionsTests.swift; sourceTree = "<group>"; };
		OBJ_34 /* ThrottleTests.swift */ = {isa = PBXFileReference; lastKnownFileType = sourcecode.swift; path = ThrottleTests.swift; sourceTree = "<group>"; };
		OBJ_38 /* Documentation */ = {isa = PBXFileReference; lastKnownFileType = folder; path = Documentation; sourceTree = SOURCE_ROOT; };
		OBJ_39 /* LICENSE */ = {isa = PBXFileReference; lastKnownFileType = text; path = LICENSE; sourceTree = "<group>"; };
		OBJ_40 /* CHANGELOG.md */ = {isa = PBXFileReference; lastKnownFileType = net.daringfireball.markdown; path = CHANGELOG.md; sourceTree = "<group>"; };
		OBJ_41 /* epic.png */ = {isa = PBXFileReference; lastKnownFileType = image.png; path = epic.png; sourceTree = "<group>"; };
		OBJ_42 /* README.md */ = {isa = PBXFileReference; lastKnownFileType = net.daringfireball.markdown; path = README.md; sourceTree = "<group>"; };
		OBJ_6 /* Package.swift */ = {isa = PBXFileReference; explicitFileType = sourcecode.swift; path = Package.swift; sourceTree = "<group>"; };
		OBJ_9 /* Info.plist */ = {isa = PBXFileReference; lastKnownFileType = text.plist.xml; path = Info.plist; sourceTree = "<group>"; };
/* End PBXFileReference section */

/* Begin PBXFrameworksBuildPhase section */
		OBJ_57 /* Frameworks */ = {
			isa = PBXFrameworksBuildPhase;
			buildActionMask = 0;
			files = (
			);
			runOnlyForDeploymentPostprocessing = 0;
		};
		OBJ_81 /* Frameworks */ = {
			isa = PBXFrameworksBuildPhase;
			buildActionMask = 0;
			files = (
				OBJ_82 /* Epic.framework in Frameworks */,
			);
			runOnlyForDeploymentPostprocessing = 0;
		};
/* End PBXFrameworksBuildPhase section */

/* Begin PBXGroup section */
		OBJ_11 /* Epic */ = {
			isa = PBXGroup;
			children = (
				OBJ_12 /* Generator.swift */,
				OBJ_13 /* MessageBus */,
				OBJ_17 /* Protocols */,
				OBJ_20 /* Shared.swift */,
				OBJ_21 /* Throttle.swift */,
			);
			path = Epic;
			sourceTree = "<group>";
		};
		OBJ_13 /* MessageBus */ = {
			isa = PBXGroup;
			children = (
				OBJ_14 /* Broker.swift */,
				OBJ_15 /* MessageBus.swift */,
				OBJ_16 /* Topic.swift */,
			);
			path = MessageBus;
			sourceTree = "<group>";
		};
		OBJ_17 /* Protocols */ = {
			isa = PBXGroup;
			children = (
				OBJ_18 /* GeneratorProtocol.swift */,
				OBJ_19 /* ThrottleProtocol.swift */,
			);
			path = Protocols;
			sourceTree = "<group>";
		};
		OBJ_22 /* Extensions */ = {
			isa = PBXGroup;
			children = (
				OBJ_23 /* SequenceExtensions.swift */,
			);
			path = Extensions;
			sourceTree = "<group>";
		};
		OBJ_24 /* Tests */ = {
			isa = PBXGroup;
			children = (
				OBJ_25 /* EpicTests */,
			);
			name = Tests;
			sourceTree = SOURCE_ROOT;
		};
		OBJ_25 /* EpicTests */ = {
			isa = PBXGroup;
			children = (
				OBJ_26 /* Info.plist */,
				OBJ_27 /* GeneratorTests.swift */,
				OBJ_28 /* MessageBus */,
				OBJ_33 /* SequenceExtensionsTests.swift */,
				OBJ_34 /* ThrottleTests.swift */,
			);
			name = EpicTests;
			path = Tests/EpicTests;
			sourceTree = SOURCE_ROOT;
		};
		OBJ_28 /* MessageBus */ = {
			isa = PBXGroup;
			children = (
				OBJ_29 /* BrokerTests.swift */,
				OBJ_30 /* IntegrationTests.swift */,
				OBJ_31 /* MessageBusTests.swift */,
				OBJ_32 /* TopicTests.swift */,
			);
			path = MessageBus;
			sourceTree = "<group>";
		};
		OBJ_35 /* Products */ = {
			isa = PBXGroup;
			children = (
				"Epic::Epic::Product" /* Epic.framework */,
				"Epic::EpicTests::Product" /* EpicTests.xctest */,
			);
			name = Products;
			sourceTree = BUILT_PRODUCTS_DIR;
		};
		OBJ_5 /*  */ = {
			isa = PBXGroup;
			children = (
				OBJ_6 /* Package.swift */,
				OBJ_7 /* Sources */,
				OBJ_24 /* Tests */,
				OBJ_35 /* Products */,
				OBJ_38 /* Documentation */,
				OBJ_39 /* LICENSE */,
				OBJ_40 /* CHANGELOG.md */,
				OBJ_41 /* epic.png */,
				OBJ_42 /* README.md */,
			);
			name = "";
			sourceTree = "<group>";
		};
		OBJ_7 /* Sources */ = {
			isa = PBXGroup;
			children = (
				OBJ_8 /* Epic */,
			);
			name = Sources;
			sourceTree = SOURCE_ROOT;
		};
		OBJ_8 /* Epic */ = {
			isa = PBXGroup;
			children = (
				OBJ_9 /* Info.plist */,
				OBJ_10 /* Epic.h */,
				OBJ_11 /* Epic */,
				OBJ_22 /* Extensions */,
			);
			name = Epic;
			path = Sources/Epic;
			sourceTree = SOURCE_ROOT;
		};
/* End PBXGroup section */

/* Begin PBXNativeTarget section */
		"Epic::Epic" /* Epic */ = {
			isa = PBXNativeTarget;
			buildConfigurationList = OBJ_44 /* Build configuration list for PBXNativeTarget "Epic" */;
			buildPhases = (
				OBJ_47 /* Sources */,
				OBJ_57 /* Frameworks */,
			);
			buildRules = (
			);
			dependencies = (
			);
			name = Epic;
			productName = Epic;
			productReference = "Epic::Epic::Product" /* Epic.framework */;
			productType = "com.apple.product-type.framework";
		};
		"Epic::EpicTests" /* EpicTests */ = {
			isa = PBXNativeTarget;
			buildConfigurationList = OBJ_70 /* Build configuration list for PBXNativeTarget "EpicTests" */;
			buildPhases = (
				OBJ_73 /* Sources */,
				OBJ_81 /* Frameworks */,
			);
			buildRules = (
			);
			dependencies = (
				OBJ_83 /* PBXTargetDependency */,
			);
			name = EpicTests;
			productName = EpicTests;
			productReference = "Epic::EpicTests::Product" /* EpicTests.xctest */;
			productType = "com.apple.product-type.bundle.unit-test";
		};
		"Epic::SwiftPMPackageDescription" /* EpicPackageDescription */ = {
			isa = PBXNativeTarget;
			buildConfigurationList = OBJ_59 /* Build configuration list for PBXNativeTarget "EpicPackageDescription" */;
			buildPhases = (
				OBJ_62 /* Sources */,
			);
			buildRules = (
			);
			dependencies = (
			);
			name = EpicPackageDescription;
			productName = EpicPackageDescription;
			productType = "com.apple.product-type.framework";
		};
/* End PBXNativeTarget section */

/* Begin PBXProject section */
		OBJ_1 /* Project object */ = {
			isa = PBXProject;
			attributes = {
				LastSwiftMigration = 9999;
				LastUpgradeCheck = 9999;
			};
			buildConfigurationList = OBJ_2 /* Build configuration list for PBXProject "Epic" */;
			compatibilityVersion = "Xcode 3.2";
			developmentRegion = en;
			hasScannedForEncodings = 0;
			knownRegions = (
				en,
			);
			mainGroup = OBJ_5 /*  */;
			productRefGroup = OBJ_35 /* Products */;
			projectDirPath = "";
			projectRoot = "";
			targets = (
				"Epic::Epic" /* Epic */,
				"Epic::SwiftPMPackageDescription" /* EpicPackageDescription */,
				"Epic::EpicPackageTests::ProductTarget" /* EpicPackageTests */,
				"Epic::EpicTests" /* EpicTests */,
			);
		};
/* End PBXProject section */

/* Begin PBXSourcesBuildPhase section */
		OBJ_47 /* Sources */ = {
			isa = PBXSourcesBuildPhase;
			buildActionMask = 0;
			files = (
				OBJ_48 /* Generator.swift in Sources */,
				OBJ_49 /* Broker.swift in Sources */,
				OBJ_50 /* MessageBus.swift in Sources */,
				OBJ_51 /* Topic.swift in Sources */,
				OBJ_52 /* GeneratorProtocol.swift in Sources */,
				OBJ_53 /* ThrottleProtocol.swift in Sources */,
				OBJ_54 /* Shared.swift in Sources */,
				OBJ_55 /* Throttle.swift in Sources */,
				OBJ_56 /* SequenceExtensions.swift in Sources */,
			);
			runOnlyForDeploymentPostprocessing = 0;
		};
		OBJ_62 /* Sources */ = {
			isa = PBXSourcesBuildPhase;
			buildActionMask = 0;
			files = (
				OBJ_63 /* Package.swift in Sources */,
			);
			runOnlyForDeploymentPostprocessing = 0;
		};
		OBJ_73 /* Sources */ = {
			isa = PBXSourcesBuildPhase;
			buildActionMask = 0;
			files = (
				OBJ_74 /* GeneratorTests.swift in Sources */,
				OBJ_75 /* BrokerTests.swift in Sources */,
				OBJ_76 /* IntegrationTests.swift in Sources */,
				OBJ_77 /* MessageBusTests.swift in Sources */,
				OBJ_78 /* TopicTests.swift in Sources */,
				OBJ_79 /* SequenceExtensionsTests.swift in Sources */,
				OBJ_80 /* ThrottleTests.swift in Sources */,
			);
			runOnlyForDeploymentPostprocessing = 0;
		};
/* End PBXSourcesBuildPhase section */

/* Begin PBXTargetDependency section */
		OBJ_68 /* PBXTargetDependency */ = {
			isa = PBXTargetDependency;
			target = "Epic::EpicTests" /* EpicTests */;
			targetProxy = 1CA8AC6D25B89D4100CC868F /* PBXContainerItemProxy */;
		};
		OBJ_83 /* PBXTargetDependency */ = {
			isa = PBXTargetDependency;
			target = "Epic::Epic" /* Epic */;
			targetProxy = 1CA8AC6A25B89D4100CC868F /* PBXContainerItemProxy */;
		};
/* End PBXTargetDependency section */

/* Begin XCBuildConfiguration section */
		OBJ_3 /* Debug */ = {
			isa = XCBuildConfiguration;
			buildSettings = {
				CLANG_ENABLE_OBJC_ARC = YES;
				COMBINE_HIDPI_IMAGES = YES;
				COPY_PHASE_STRIP = NO;
				DEBUG_INFORMATION_FORMAT = dwarf;
				DYLIB_INSTALL_NAME_BASE = "@rpath";
				ENABLE_NS_ASSERTIONS = YES;
				GCC_OPTIMIZATION_LEVEL = 0;
				GCC_PREPROCESSOR_DEFINITIONS = (
					"$(inherited)",
					"SWIFT_PACKAGE=1",
					"DEBUG=1",
				);
				MACOSX_DEPLOYMENT_TARGET = 10.10;
				ONLY_ACTIVE_ARCH = YES;
				OTHER_SWIFT_FLAGS = "$(inherited) -DXcode";
				PRODUCT_NAME = "$(TARGET_NAME)";
				SDKROOT = macosx;
				SUPPORTED_PLATFORMS = "macosx iphoneos iphonesimulator appletvos appletvsimulator watchos watchsimulator";
				SWIFT_ACTIVE_COMPILATION_CONDITIONS = "$(inherited) SWIFT_PACKAGE DEBUG";
				SWIFT_OPTIMIZATION_LEVEL = "-Onone";
				USE_HEADERMAP = NO;
			};
			name = Debug;
		};
		OBJ_4 /* Release */ = {
			isa = XCBuildConfiguration;
			buildSettings = {
				CLANG_ENABLE_OBJC_ARC = YES;
				COMBINE_HIDPI_IMAGES = YES;
				COPY_PHASE_STRIP = YES;
				DEBUG_INFORMATION_FORMAT = "dwarf-with-dsym";
				DYLIB_INSTALL_NAME_BASE = "@rpath";
				GCC_OPTIMIZATION_LEVEL = s;
				GCC_PREPROCESSOR_DEFINITIONS = (
					"$(inherited)",
					"SWIFT_PACKAGE=1",
				);
				MACOSX_DEPLOYMENT_TARGET = 10.10;
				OTHER_SWIFT_FLAGS = "$(inherited) -DXcode";
				PRODUCT_NAME = "$(TARGET_NAME)";
				SDKROOT = macosx;
				SUPPORTED_PLATFORMS = "macosx iphoneos iphonesimulator appletvos appletvsimulator watchos watchsimulator";
				SWIFT_ACTIVE_COMPILATION_CONDITIONS = "$(inherited) SWIFT_PACKAGE";
				SWIFT_OPTIMIZATION_LEVEL = "-Owholemodule";
				USE_HEADERMAP = NO;
			};
			name = Release;
		};
		OBJ_45 /* Debug */ = {
			isa = XCBuildConfiguration;
			buildSettings = {
				ENABLE_TESTABILITY = YES;
				FRAMEWORK_SEARCH_PATHS = (
					"$(inherited)",
					"$(PLATFORM_DIR)/Developer/Library/Frameworks",
				);
				HEADER_SEARCH_PATHS = "$(inherited)";
				INFOPLIST_FILE = Epic.xcodeproj/Epic_Info.plist;
				IPHONEOS_DEPLOYMENT_TARGET = 10.0;
				LD_RUNPATH_SEARCH_PATHS = "$(inherited) $(TOOLCHAIN_DIR)/usr/lib/swift/macosx";
				MACOSX_DEPLOYMENT_TARGET = 10.10;
				OTHER_CFLAGS = "$(inherited)";
				OTHER_LDFLAGS = "$(inherited)";
				OTHER_SWIFT_FLAGS = "$(inherited)";
				PRODUCT_BUNDLE_IDENTIFIER = Epic;
				PRODUCT_MODULE_NAME = "$(TARGET_NAME:c99extidentifier)";
				PRODUCT_NAME = "$(TARGET_NAME:c99extidentifier)";
				SKIP_INSTALL = YES;
				SWIFT_ACTIVE_COMPILATION_CONDITIONS = "$(inherited)";
				SWIFT_VERSION = 5.0;
				TARGET_NAME = Epic;
				TVOS_DEPLOYMENT_TARGET = 9.0;
				WATCHOS_DEPLOYMENT_TARGET = 2.0;
			};
			name = Debug;
		};
		OBJ_46 /* Release */ = {
			isa = XCBuildConfiguration;
			buildSettings = {
				ENABLE_TESTABILITY = YES;
				FRAMEWORK_SEARCH_PATHS = (
					"$(inherited)",
					"$(PLATFORM_DIR)/Developer/Library/Frameworks",
				);
				HEADER_SEARCH_PATHS = "$(inherited)";
				INFOPLIST_FILE = Epic.xcodeproj/Epic_Info.plist;
				IPHONEOS_DEPLOYMENT_TARGET = 10.0;
				LD_RUNPATH_SEARCH_PATHS = "$(inherited) $(TOOLCHAIN_DIR)/usr/lib/swift/macosx";
				MACOSX_DEPLOYMENT_TARGET = 10.10;
				OTHER_CFLAGS = "$(inherited)";
				OTHER_LDFLAGS = "$(inherited)";
				OTHER_SWIFT_FLAGS = "$(inherited)";
				PRODUCT_BUNDLE_IDENTIFIER = Epic;
				PRODUCT_MODULE_NAME = "$(TARGET_NAME:c99extidentifier)";
				PRODUCT_NAME = "$(TARGET_NAME:c99extidentifier)";
				SKIP_INSTALL = YES;
				SWIFT_ACTIVE_COMPILATION_CONDITIONS = "$(inherited)";
				SWIFT_VERSION = 5.0;
				TARGET_NAME = Epic;
				TVOS_DEPLOYMENT_TARGET = 9.0;
				WATCHOS_DEPLOYMENT_TARGET = 2.0;
			};
			name = Release;
		};
		OBJ_60 /* Debug */ = {
			isa = XCBuildConfiguration;
			buildSettings = {
				IPHONEOS_DEPLOYMENT_TARGET = 10.0;
				LD = /usr/bin/true;
				OTHER_SWIFT_FLAGS = "-swift-version 5 -I $(TOOLCHAIN_DIR)/usr/lib/swift/pm/4_2 -sdk /Applications/Xcode.app/Contents/Developer/Platforms/MacOSX.platform/Developer/SDKs/MacOSX11.1.sdk -package-description-version 5.3.0";
				SWIFT_VERSION = 5.0;
			};
			name = Debug;
		};
		OBJ_61 /* Release */ = {
			isa = XCBuildConfiguration;
			buildSettings = {
				IPHONEOS_DEPLOYMENT_TARGET = 10.0;
				LD = /usr/bin/true;
				OTHER_SWIFT_FLAGS = "-swift-version 5 -I $(TOOLCHAIN_DIR)/usr/lib/swift/pm/4_2 -sdk /Applications/Xcode.app/Contents/Developer/Platforms/MacOSX.platform/Developer/SDKs/MacOSX11.1.sdk -package-description-version 5.3.0";
				SWIFT_VERSION = 5.0;
			};
			name = Release;
		};
		OBJ_66 /* Debug */ = {
			isa = XCBuildConfiguration;
			buildSettings = {
				IPHONEOS_DEPLOYMENT_TARGET = 10.0;
			};
			name = Debug;
		};
		OBJ_67 /* Release */ = {
			isa = XCBuildConfiguration;
			buildSettings = {
				IPHONEOS_DEPLOYMENT_TARGET = 10.0;
			};
			name = Release;
		};
		OBJ_71 /* Debug */ = {
			isa = XCBuildConfiguration;
			buildSettings = {
				CLANG_ENABLE_MODULES = YES;
				EMBEDDED_CONTENT_CONTAINS_SWIFT = YES;
				FRAMEWORK_SEARCH_PATHS = (
					"$(inherited)",
					"$(PLATFORM_DIR)/Developer/Library/Frameworks",
				);
				HEADER_SEARCH_PATHS = "$(inherited)";
				INFOPLIST_FILE = Epic.xcodeproj/EpicTests_Info.plist;
				IPHONEOS_DEPLOYMENT_TARGET = 10.0;
				LD_RUNPATH_SEARCH_PATHS = "$(inherited) @loader_path/../Frameworks @loader_path/Frameworks";
				MACOSX_DEPLOYMENT_TARGET = 10.15;
				OTHER_CFLAGS = "$(inherited)";
				OTHER_LDFLAGS = "$(inherited)";
				OTHER_SWIFT_FLAGS = "$(inherited)";
				SWIFT_ACTIVE_COMPILATION_CONDITIONS = "$(inherited)";
				SWIFT_VERSION = 5.0;
				TARGET_NAME = EpicTests;
				TVOS_DEPLOYMENT_TARGET = 9.0;
				WATCHOS_DEPLOYMENT_TARGET = 2.0;
			};
			name = Debug;
		};
		OBJ_72 /* Release */ = {
			isa = XCBuildConfiguration;
			buildSettings = {
				CLANG_ENABLE_MODULES = YES;
				EMBEDDED_CONTENT_CONTAINS_SWIFT = YES;
				FRAMEWORK_SEARCH_PATHS = (
					"$(inherited)",
					"$(PLATFORM_DIR)/Developer/Library/Frameworks",
				);
				HEADER_SEARCH_PATHS = "$(inherited)";
				INFOPLIST_FILE = Epic.xcodeproj/EpicTests_Info.plist;
				IPHONEOS_DEPLOYMENT_TARGET = 10.0;
				LD_RUNPATH_SEARCH_PATHS = "$(inherited) @loader_path/../Frameworks @loader_path/Frameworks";
				MACOSX_DEPLOYMENT_TARGET = 10.15;
				OTHER_CFLAGS = "$(inherited)";
				OTHER_LDFLAGS = "$(inherited)";
				OTHER_SWIFT_FLAGS = "$(inherited)";
				SWIFT_ACTIVE_COMPILATION_CONDITIONS = "$(inherited)";
				SWIFT_VERSION = 5.0;
				TARGET_NAME = EpicTests;
				TVOS_DEPLOYMENT_TARGET = 9.0;
				WATCHOS_DEPLOYMENT_TARGET = 2.0;
			};
			name = Release;
		};
/* End XCBuildConfiguration section */

/* Begin XCConfigurationList section */
		OBJ_2 /* Build configuration list for PBXProject "Epic" */ = {
			isa = XCConfigurationList;
			buildConfigurations = (
				OBJ_3 /* Debug */,
				OBJ_4 /* Release */,
			);
			defaultConfigurationIsVisible = 0;
			defaultConfigurationName = Release;
		};
		OBJ_44 /* Build configuration list for PBXNativeTarget "Epic" */ = {
			isa = XCConfigurationList;
			buildConfigurations = (
				OBJ_45 /* Debug */,
				OBJ_46 /* Release */,
			);
			defaultConfigurationIsVisible = 0;
			defaultConfigurationName = Release;
		};
		OBJ_59 /* Build configuration list for PBXNativeTarget "EpicPackageDescription" */ = {
			isa = XCConfigurationList;
			buildConfigurations = (
				OBJ_60 /* Debug */,
				OBJ_61 /* Release */,
			);
			defaultConfigurationIsVisible = 0;
			defaultConfigurationName = Release;
		};
		OBJ_65 /* Build configuration list for PBXAggregateTarget "EpicPackageTests" */ = {
			isa = XCConfigurationList;
			buildConfigurations = (
				OBJ_66 /* Debug */,
				OBJ_67 /* Release */,
			);
			defaultConfigurationIsVisible = 0;
			defaultConfigurationName = Release;
		};
		OBJ_70 /* Build configuration list for PBXNativeTarget "EpicTests" */ = {
			isa = XCConfigurationList;
			buildConfigurations = (
				OBJ_71 /* Debug */,
				OBJ_72 /* Release */,
			);
			defaultConfigurationIsVisible = 0;
			defaultConfigurationName = Release;
		};
/* End XCConfigurationList section */
	};
	rootObject = OBJ_1 /* Project object */;
}
